{
    "_readme": [
        "This file locks the dependencies of your project to a known state",
        "Read more about it at https://getcomposer.org/doc/01-basic-usage.md#composer-lock-the-lock-file",
        "This file is @generated automatically"
    ],
    "content-hash": "d65d88eda81e355051fe65ea026b39fe",
    "packages": [
        {
            "name": "inc2734/wp-breadcrumbs",
            "version": "1.0.3",
            "source": {
                "type": "git",
                "url": "https://github.com/inc2734/wp-breadcrumbs.git",
                "reference": "8e9c67f6ce3c950c8545830db5f5b41820b6baeb"
            },
            "dist": {
                "type": "zip",
                "url": "https://api.github.com/repos/inc2734/wp-breadcrumbs/zipball/8e9c67f6ce3c950c8545830db5f5b41820b6baeb",
                "reference": "8e9c67f6ce3c950c8545830db5f5b41820b6baeb",
                "shasum": ""
            },
            "require": {
                "php": ">=5.6"
            },
            "require-dev": {
                "doctrine/instantiator": "1.0.4",
                "myclabs/deep-copy": "1.7.0",
                "pdepend/pdepend": "2.5.0",
                "phpdocumentor/reflection-docblock": "3.2.2",
                "phpmd/phpmd": "2.*",
                "phpunit/php-token-stream": "1.4.11",
                "phpunit/phpunit": "^5.7",
                "squizlabs/php_codesniffer": "*",
                "symfony/yaml": "3.4.1",
                "wp-coding-standards/wpcs": "*"
            },
            "type": "library",
            "autoload": {
                "psr-4": {
                    "Inc2734\\WP_Breadcrumbs\\": "src"
                }
            },
            "notification-url": "https://packagist.org/downloads/",
            "license": [
                "GPL-2.0-or-later"
            ],
            "authors": [
                {
                    "name": "Takashi Kitajima",
                    "email": "inc@2inc.org"
                }
            ],
            "description": "A library for WordPress breadcrumbs.",
            "time": "2018-07-27T12:57:18+00:00"
        },
        {
            "name": "inc2734/wp-customizer-framework",
            "version": "5.0.0",
            "source": {
                "type": "git",
                "url": "https://github.com/inc2734/wp-customizer-framework.git",
                "reference": "30bf1ba0a8f252b5f5fbfa942d9e10960b9afee3"
            },
            "dist": {
                "type": "zip",
                "url": "https://api.github.com/repos/inc2734/wp-customizer-framework/zipball/30bf1ba0a8f252b5f5fbfa942d9e10960b9afee3",
                "reference": "30bf1ba0a8f252b5f5fbfa942d9e10960b9afee3",
                "shasum": ""
            },
            "require": {
                "php": ">=5.6"
            },
            "require-dev": {
                "doctrine/instantiator": "1.0.4",
                "myclabs/deep-copy": "1.7.0",
                "pdepend/pdepend": "2.5.0",
                "phpdocumentor/reflection-docblock": "3.2.2",
                "phpmd/phpmd": "2.*",
                "phpunit/php-token-stream": "1.4.11",
                "phpunit/phpunit": "^5.7",
                "squizlabs/php_codesniffer": "*",
                "symfony/yaml": "3.4.1",
                "wp-coding-standards/wpcs": "*"
            },
            "type": "library",
            "autoload": {
                "psr-4": {
                    "Inc2734\\WP_Customizer_Framework\\": "src"
                }
            },
            "notification-url": "https://packagist.org/downloads/",
            "license": [
                "GPL-2.0-or-later"
            ],
            "authors": [
                {
                    "name": "Takashi Kitajima",
                    "email": "inc@2inc.org"
                }
            ],
            "description": "A library for WordPress Customizer.",
            "time": "2019-01-21T06:22:27+00:00"
        },
        {
            "name": "inc2734/wp-github-theme-updater",
            "version": "0.2.8",
            "source": {
                "type": "git",
                "url": "https://github.com/inc2734/wp-github-theme-updater.git",
                "reference": "28592a6b8e4e2959917239d8c546514f781251ce"
            },
            "dist": {
                "type": "zip",
                "url": "https://api.github.com/repos/inc2734/wp-github-theme-updater/zipball/28592a6b8e4e2959917239d8c546514f781251ce",
                "reference": "28592a6b8e4e2959917239d8c546514f781251ce",
                "shasum": ""
            },
            "require": {
                "php": ">=5.6"
            },
            "require-dev": {
                "doctrine/instantiator": "1.0.4",
                "myclabs/deep-copy": "1.7.0",
                "pdepend/pdepend": "2.5.0",
                "phpdocumentor/reflection-docblock": "3.2.2",
                "phpmd/phpmd": "2.*",
                "phpunit/php-token-stream": "1.4.11",
                "phpunit/phpunit": "^5.7",
                "squizlabs/php_codesniffer": "*",
                "symfony/yaml": "3.4.1",
                "wp-coding-standards/wpcs": "*"
            },
            "type": "library",
            "autoload": {
                "psr-4": {
                    "Inc2734\\WP_GitHub_Theme_Updater\\": "src"
                }
            },
            "notification-url": "https://packagist.org/downloads/",
            "license": [
                "GPL-2.0-or-later"
            ],
            "authors": [
                {
                    "name": "Takashi Kitajima",
                    "email": "inc@2inc.org"
                }
            ],
            "description": "A library for WordPress that automatic theme updater with GitHub API.",
            "time": "2018-07-27T13:44:06+00:00"
        },
        {
            "name": "inc2734/wp-mw-share-buttons",
            "version": "0.2.2",
            "source": {
                "type": "git",
                "url": "https://github.com/inc2734/wp-mw-share-buttons.git",
                "reference": "4bed6e0d6c1a17a53d7a9be15356dbd8c8369276"
            },
            "dist": {
                "type": "zip",
                "url": "https://api.github.com/repos/inc2734/wp-mw-share-buttons/zipball/4bed6e0d6c1a17a53d7a9be15356dbd8c8369276",
                "reference": "4bed6e0d6c1a17a53d7a9be15356dbd8c8369276",
                "shasum": ""
            },
            "type": "wordpress-plugin",
            "autoload": {
                "psr-4": {
                    "MwShareButtons\\": ""
                }
            },
            "notification-url": "https://packagist.org/downloads/",
            "license": [
                "GPL-2.0+"
            ],
            "authors": [
                {
                    "name": "Takashi Kitajima",
                    "email": "inc@2inc.org",
                    "homepage": "https://2inc.org"
                }
            ],
            "description": "Adds social share buttons.",
            "time": "2017-10-10T01:53:21+00:00"
        },
        {
            "name": "inc2734/wp-ogp",
            "version": "2.0.0",
            "source": {
                "type": "git",
                "url": "https://github.com/inc2734/wp-ogp.git",
                "reference": "f6f6ac80f4a945bb256849ba7b625147a87952b9"
            },
            "dist": {
                "type": "zip",
                "url": "https://api.github.com/repos/inc2734/wp-ogp/zipball/f6f6ac80f4a945bb256849ba7b625147a87952b9",
                "reference": "f6f6ac80f4a945bb256849ba7b625147a87952b9",
                "shasum": ""
            },
            "require": {
                "php": ">=5.6"
            },
            "require-dev": {
                "doctrine/instantiator": "1.0.4",
                "myclabs/deep-copy": "1.7.0",
                "pdepend/pdepend": "2.5.0",
                "phpdocumentor/reflection-docblock": "3.2.2",
                "phpmd/phpmd": "2.*",
                "phpunit/php-token-stream": "1.4.11",
                "phpunit/phpunit": "^5.7",
                "squizlabs/php_codesniffer": "*",
                "symfony/yaml": "3.4.1",
                "wp-coding-standards/wpcs": "*"
            },
            "type": "library",
            "autoload": {
                "psr-4": {
                    "Inc2734\\WP_OGP\\": "src"
                }
            },
            "notification-url": "https://packagist.org/downloads/",
            "license": [
                "GPL-2.0-or-later"
            ],
            "authors": [
                {
                    "name": "Takashi Kitajima",
                    "email": "inc@2inc.org"
                }
            ],
            "description": "A library for WordPress OGP.",
            "time": "2019-01-22T00:13:34+00:00"
        },
        {
            "name": "inc2734/wp-share-buttons",
            "version": "4.0.0",
            "source": {
                "type": "git",
                "url": "https://github.com/inc2734/wp-share-buttons.git",
                "reference": "cd032893ca083a343f5871e855cce68f4ede3a17"
            },
            "dist": {
                "type": "zip",
                "url": "https://api.github.com/repos/inc2734/wp-share-buttons/zipball/cd032893ca083a343f5871e855cce68f4ede3a17",
                "reference": "cd032893ca083a343f5871e855cce68f4ede3a17",
                "shasum": ""
            },
            "require": {
                "inc2734/wp-ogp": "^2.0",
                "php": ">=5.6"
            },
            "require-dev": {
                "doctrine/instantiator": "1.0.4",
                "myclabs/deep-copy": "1.7.0",
                "pdepend/pdepend": "2.5.0",
                "phpdocumentor/reflection-docblock": "3.2.2",
                "phpmd/phpmd": "2.*",
                "phpunit/php-token-stream": "1.4.11",
                "phpunit/phpunit": "^5.7",
                "squizlabs/php_codesniffer": "*",
                "symfony/yaml": "3.4.1",
                "wp-coding-standards/wpcs": "*"
            },
            "type": "library",
            "autoload": {
                "psr-4": {
                    "Inc2734\\WP_Share_Buttons\\": "src"
                }
            },
            "notification-url": "https://packagist.org/downloads/",
            "license": [
                "GPL-2.0-or-later"
            ],
            "authors": [
                {
                    "name": "Takashi Kitajima",
                    "email": "inc@2inc.org",
                    "homepage": "https://2inc.org"
                }
            ],
            "description": "A library for WordPress theme that adds social share buttons.",
            "time": "2019-01-22T01:29:09+00:00"
        }
    ],
    "packages-dev": [],
    "aliases": [],
    "minimum-stability": "stable",
    "stability-flags": [],
    "prefer-stable": false,
    "prefer-lowest": false,
    "platform": [],
    "platform-dev": []
}
